
Microsoft Visual Studio Solution File, Format Version 12.00
# Visual Studio 15
Project("{FAE04EC0-301F-11D3-BF4B-00C04F79EFBC}") = "FloatingLabelDemo", "FloatingLabelDemo.csproj", "{CD5FC10F-06A0-4CC5-9977-8AA2A334F9E1}"
EndProject
Project("{FAE04EC0-301F-11D3-BF4B-00C04F79EFBC}") = "FloatingLabel.iOS", "..\..\src\FloatingLabel\FloatingLabel.iOS\FloatingLabel.iOS.csproj", "{41A638D9-3AA0-46CB-94F1-6EBC289F361F}"
EndProject
Global
	GlobalSection(SolutionConfigurationPlatforms) = preSolution
		Debug|iPhoneSimulator = Debug|iPhoneSimulator
		Release|iPhone = Release|iPhone
		Release|iPhoneSimulator = Release|iPhoneSimulator
		Debug|iPhone = Debug|iPhone
	EndGlobalSection
	GlobalSection(ProjectConfigurationPlatforms) = postSolution
		{CD5FC10F-06A0-4CC5-9977-8AA2A334F9E1}.Debug|iPhoneSimulator.ActiveCfg = Debug|iPhoneSimulator
		{CD5FC10F-06A0-4CC5-9977-8AA2A334F9E1}.Debug|iPhoneSimulator.Build.0 = Debug|iPhoneSimulator
		{CD5FC10F-06A0-4CC5-9977-8AA2A334F9E1}.Release|iPhone.ActiveCfg = Release|iPhone
		{CD5FC10F-06A0-4CC5-9977-8AA2A334F9E1}.Release|iPhone.Build.0 = Release|iPhone
		{CD5FC10F-06A0-4CC5-9977-8AA2A334F9E1}.Release|iPhoneSimulator.ActiveCfg = Release|iPhoneSimulator
		{CD5FC10F-06A0-4CC5-9977-8AA2A334F9E1}.Release|iPhoneSimulator.Build.0 = Release|iPhoneSimulator
		{CD5FC10F-06A0-4CC5-9977-8AA2A334F9E1}.Debug|iPhone.ActiveCfg = Debug|iPhone
		{CD5FC10F-06A0-4CC5-9977-8AA2A334F9E1}.Debug|iPhone.Build.0 = Debug|iPhone
		{41A638D9-3AA0-46CB-94F1-6EBC289F361F}.Debug|iPhoneSimulator.ActiveCfg = Debug|Any CPU
		{41A638D9-3AA0-46CB-94F1-6EBC289F361F}.Debug|iPhoneSimulator.Build.0 = Debug|Any CPU
		{41A638D9-3AA0-46CB-94F1-6EBC289F361F}.Release|iPhone.ActiveCfg = Release|Any CPU
		{41A638D9-3AA0-46CB-94F1-6EBC289F361F}.Release|iPhone.Build.0 = Release|Any CPU
		{41A638D9-3AA0-46CB-94F1-6EBC289F361F}.Release|iPhoneSimulator.ActiveCfg = Release|Any CPU
		{41A638D9-3AA0-46CB-94F1-6EBC289F361F}.Release|iPhoneSimulator.Build.0 = Release|Any CPU
		{41A638D9-3AA0-46CB-94F1-6EBC289F361F}.Debug|iPhone.ActiveCfg = Debug|Any CPU
		{41A638D9-3AA0-46CB-94F1-6EBC289F361F}.Debug|iPhone.Build.0 = Debug|Any CPU
	EndGlobalSection
EndGlobal
